// !$*UTF8*$!
{
	archiveVersion = 1;
	classes = {
	};
	objectVersion = 55;
	objects = {

/* Begin PBXBuildFile section */
		7361AB5527EA896800D89B04 /* Tests_iOS.swift in Sources */ = {isa = PBXBuildFile; fileRef = 7361AB5427EA896800D89B04 /* Tests_iOS.swift */; };
		7361AB5727EA896800D89B04 /* Tests_iOSLaunchTests.swift in Sources */ = {isa = PBXBuildFile; fileRef = 7361AB5627EA896800D89B04 /* Tests_iOSLaunchTests.swift */; };
		7361AB6127EA896800D89B04 /* Tests_macOS.swift in Sources */ = {isa = PBXBuildFile; fileRef = 7361AB6027EA896800D89B04 /* Tests_macOS.swift */; };
		7361AB6327EA896800D89B04 /* Tests_macOSLaunchTests.swift in Sources */ = {isa = PBXBuildFile; fileRef = 7361AB6227EA896800D89B04 /* Tests_macOSLaunchTests.swift */; };
		7361AB6427EA896800D89B04 /* TaskListApp.swift in Sources */ = {isa = PBXBuildFile; fileRef = 7361AB3C27EA896700D89B04 /* TaskListApp.swift */; };
		7361AB6527EA896800D89B04 /* TaskListApp.swift in Sources */ = {isa = PBXBuildFile; fileRef = 7361AB3C27EA896700D89B04 /* TaskListApp.swift */; };
		7361AB6627EA896800D89B04 /* ContentView.swift in Sources */ = {isa = PBXBuildFile; fileRef = 7361AB3D27EA896700D89B04 /* ContentView.swift */; };
		7361AB6727EA896800D89B04 /* ContentView.swift in Sources */ = {isa = PBXBuildFile; fileRef = 7361AB3D27EA896700D89B04 /* ContentView.swift */; };
		7361AB6827EA896800D89B04 /* Assets.xcassets in Resources */ = {isa = PBXBuildFile; fileRef = 7361AB3E27EA896800D89B04 /* Assets.xcassets */; };
		7361AB6927EA896800D89B04 /* Assets.xcassets in Resources */ = {isa = PBXBuildFile; fileRef = 7361AB3E27EA896800D89B04 /* Assets.xcassets */; };
		7361AB7927EA96D000D89B04 /* data.swift in Sources */ = {isa = PBXBuildFile; fileRef = 7361AB7827EA96D000D89B04 /* data.swift */; };
		7361AB7A27EA96D000D89B04 /* data.swift in Sources */ = {isa = PBXBuildFile; fileRef = 7361AB7827EA96D000D89B04 /* data.swift */; };
/* End PBXBuildFile section */

/* Begin PBXContainerItemProxy section */
		7361AB5127EA896800D89B04 /* PBXContainerItemProxy */ = {
			isa = PBXContainerItemProxy;
			containerPortal = 7361AB3727EA896700D89B04 /* Project object */;
			proxyType = 1;
			remoteGlobalIDString = 7361AB4227EA896800D89B04;
			remoteInfo = "TaskList (iOS)";
		};
		7361AB5D27EA896800D89B04 /* PBXContainerItemProxy */ = {
			isa = PBXContainerItemProxy;
			containerPortal = 7361AB3727EA896700D89B04 /* Project object */;
			proxyType = 1;
			remoteGlobalIDString = 7361AB4827EA896800D89B04;
			remoteInfo = "TaskList (macOS)";
		};
/* End PBXContainerItemProxy section */

/* Begin PBXFileReference section */
		7361AB3C27EA896700D89B04 /* TaskListApp.swift */ = {isa = PBXFileReference; lastKnownFileType = sourcecode.swift; path = TaskListApp.swift; sourceTree = "<group>"; };
		7361AB3D27EA896700D89B04 /* ContentView.swift */ = {isa = PBXFileReference; lastKnownFileType = sourcecode.swift; path = ContentView.swift; sourceTree = "<group>"; };
		7361AB3E27EA896800D89B04 /* Assets.xcassets */ = {isa = PBXFileReference; lastKnownFileType = folder.assetcatalog; path = Assets.xcassets; sourceTree = "<group>"; };
		7361AB4327EA896800D89B04 /* TaskList.app */ = {isa = PBXFileReference; explicitFileType = wrapper.application; includeInIndex = 0; path = TaskList.app; sourceTree = BUILT_PRODUCTS_DIR; };
		7361AB4927EA896800D89B04 /* TaskList.app */ = {isa = PBXFileReference; explicitFileType = wrapper.application; includeInIndex = 0; path = TaskList.app; sourceTree = BUILT_PRODUCTS_DIR; };
		7361AB4B27EA896800D89B04 /* macOS.entitlements */ = {isa = PBXFileReference; lastKnownFileType = text.plist.entitlements; path = macOS.entitlements; sourceTree = "<group>"; };
		7361AB5027EA896800D89B04 /* Tests iOS.xctest */ = {isa = PBXFileReference; explicitFileType = wrapper.cfbundle; includeInIndex = 0; path = "Tests iOS.xctest"; sourceTree = BUILT_PRODUCTS_DIR; };
		7361AB5427EA896800D89B04 /* Tests_iOS.swift */ = {isa = PBXFileReference; lastKnownFileType = sourcecode.swift; path = Tests_iOS.swift; sourceTree = "<group>"; };
		7361AB5627EA896800D89B04 /* Tests_iOSLaunchTests.swift */ = {isa = PBXFileReference; lastKnownFileType = sourcecode.swift; path = Tests_iOSLaunchTests.swift; sourceTree = "<group>"; };
		7361AB5C27EA896800D89B04 /* Tests macOS.xctest */ = {isa = PBXFileReference; explicitFileType = wrapper.cfbundle; includeInIndex = 0; path = "Tests macOS.xctest"; sourceTree = BUILT_PRODUCTS_DIR; };
		7361AB6027EA896800D89B04 /* Tests_macOS.swift */ = {isa = PBXFileReference; lastKnownFileType = sourcecode.swift; path = Tests_macOS.swift; sourceTree = "<group>"; };
		7361AB6227EA896800D89B04 /* Tests_macOSLaunchTests.swift */ = {isa = PBXFileReference; lastKnownFileType = sourcecode.swift; path = Tests_macOSLaunchTests.swift; sourceTree = "<group>"; };
		7361AB7827EA96D000D89B04 /* data.swift */ = {isa = PBXFileReference; lastKnownFileType = sourcecode.swift; path = data.swift; sourceTree = "<group>"; };
/* End PBXFileReference section */

/* Begin PBXFrameworksBuildPhase section */
		7361AB4027EA896800D89B04 /* Frameworks */ = {
			isa = PBXFrameworksBuildPhase;
			buildActionMask = 2147483647;
			files = (
			);
			runOnlyForDeploymentPostprocessing = 0;
		};
		7361AB4627EA896800D89B04 /* Frameworks */ = {
			isa = PBXFrameworksBuildPhase;
			buildActionMask = 2147483647;
			files = (
			);
			runOnlyForDeploymentPostprocessing = 0;
		};
		7361AB4D27EA896800D89B04 /* Frameworks */ = {
			isa = PBXFrameworksBuildPhase;
			buildActionMask = 2147483647;
			files = (
			);
			runOnlyForDeploymentPostprocessing = 0;
		};
		7361AB5927EA896800D89B04 /* Frameworks */ = {
			isa = PBXFrameworksBuildPhase;
			buildActionMask = 2147483647;
			files = (
			);
			runOnlyForDeploymentPostprocessing = 0;
		};
/* End PBXFrameworksBuildPhase section */

/* Begin PBXGroup section */
		7361AB3627EA896700D89B04 = {
			isa = PBXGroup;
			children = (
				7361AB3B27EA896700D89B04 /* Shared */,
				7361AB4A27EA896800D89B04 /* macOS */,
				7361AB5327EA896800D89B04 /* Tests iOS */,
				7361AB5F27EA896800D89B04 /* Tests macOS */,
				7361AB4427EA896800D89B04 /* Products */,
			);
			sourceTree = "<group>";
		};
		7361AB3B27EA896700D89B04 /* Shared */ = {
			isa = PBXGroup;
			children = (
				7361AB3C27EA896700D89B04 /* TaskListApp.swift */,
				7361AB3D27EA896700D89B04 /* ContentView.swift */,
				7361AB7827EA96D000D89B04 /* data.swift */,
				7361AB3E27EA896800D89B04 /* Assets.xcassets */,
			);
			path = Shared;
			sourceTree = "<group>";
		};
		7361AB4427EA896800D89B04 /* Products */ = {
			isa = PBXGroup;
			children = (
				7361AB4327EA896800D89B04 /* TaskList.app */,
				7361AB4927EA896800D89B04 /* TaskList.app */,
				7361AB5027EA896800D89B04 /* Tests iOS.xctest */,
				7361AB5C27EA896800D89B04 /* Tests macOS.xctest */,
			);
			name = Products;
			sourceTree = "<group>";
		};
		7361AB4A27EA896800D89B04 /* macOS */ = {
			isa = PBXGroup;
			children = (
				7361AB4B27EA896800D89B04 /* macOS.entitlements */,
			);
			path = macOS;
			sourceTree = "<group>";
		};
		7361AB5327EA896800D89B04 /* Tests iOS */ = {
			isa = PBXGroup;
			children = (
				7361AB5427EA896800D89B04 /* Tests_iOS.swift */,
				7361AB5627EA896800D89B04 /* Tests_iOSLaunchTests.swift */,
			);
			path = "Tests iOS";
			sourceTree = "<group>";
		};
		7361AB5F27EA896800D89B04 /* Tests macOS */ = {
			isa = PBXGroup;
			children = (
				7361AB6027EA896800D89B04 /* Tests_macOS.swift */,
				7361AB6227EA896800D89B04 /* Tests_macOSLaunchTests.swift */,
			);
			path = "Tests macOS";
			sourceTree = "<group>";
		};
/* End PBXGroup section */

/* Begin PBXNativeTarget section */
		7361AB4227EA896800D89B04 /* TaskList (iOS) */ = {
			isa = PBXNativeTarget;
			buildConfigurationList = 7361AB6C27EA896800D89B04 /* Build configuration list for PBXNativeTarget "TaskList (iOS)" */;
			buildPhases = (
				7361AB3F27EA896800D89B04 /* Sources */,
				7361AB4027EA896800D89B04 /* Frameworks */,
				7361AB4127EA896800D89B04 /* Resources */,
			);
			buildRules = (
			);
			dependencies = (
			);
			name = "TaskList (iOS)";
			productName = "TaskList (iOS)";
			productReference = 7361AB4327EA896800D89B04 /* TaskList.app */;
			productType = "com.apple.product-type.application";
		};
		7361AB4827EA896800D89B04 /* TaskList (macOS) */ = {
			isa = PBXNativeTarget;
			buildConfigurationList = 7361AB6F27EA896800D89B04 /* Build configuration list for PBXNativeTarget "TaskList (macOS)" */;
			buildPhases = (
				7361AB4527EA896800D89B04 /* Sources */,
				7361AB4627EA896800D89B04 /* Frameworks */,
				7361AB4727EA896800D89B04 /* Resources */,
			);
			buildRules = (
			);
			dependencies = (
			);
			name = "TaskList (macOS)";
			productName = "TaskList (macOS)";
			productReference = 7361AB4927EA896800D89B04 /* TaskList.app */;
			productType = "com.apple.product-type.application";
		};
		7361AB4F27EA896800D89B04 /* Tests iOS */ = {
			isa = PBXNativeTarget;
			buildConfigurationList = 7361AB7227EA896800D89B04 /* Build configuration list for PBXNativeTarget "Tests iOS" */;
			buildPhases = (
				7361AB4C27EA896800D89B04 /* Sources */,
				7361AB4D27EA896800D89B04 /* Frameworks */,
				7361AB4E27EA896800D89B04 /* Resources */,
			);
			buildRules = (
			);
			dependencies = (
				7361AB5227EA896800D89B04 /* PBXTargetDependency */,
			);
			name = "Tests iOS";
			productName = "Tests iOS";
			productReference = 7361AB5027EA896800D89B04 /* Tests iOS.xctest */;
			productType = "com.apple.product-type.bundle.ui-testing";
		};
		7361AB5B27EA896800D89B04 /* Tests macOS */ = {
			isa = PBXNativeTarget;
			buildConfigurationList = 7361AB7527EA896800D89B04 /* Build configuration list for PBXNativeTarget "Tests macOS" */;
			buildPhases = (
				7361AB5827EA896800D89B04 /* Sources */,
				7361AB5927EA896800D89B04 /* Frameworks */,
				7361AB5A27EA896800D89B04 /* Resources */,
			);
			buildRules = (
			);
			dependencies = (
				7361AB5E27EA896800D89B04 /* PBXTargetDependency */,
			);
			name = "Tests macOS";
			productName = "Tests macOS";
			productReference = 7361AB5C27EA896800D89B04 /* Tests macOS.xctest */;
			productType = "com.apple.product-type.bundle.ui-testing";
		};
/* End PBXNativeTarget section */

/* Begin PBXProject section */
		7361AB3727EA896700D89B04 /* Project object */ = {
			isa = PBXProject;
			attributes = {
				BuildIndependentTargetsInParallel = 1;
				LastSwiftUpdateCheck = 1320;
				LastUpgradeCheck = 1320;
				TargetAttributes = {
					7361AB4227EA896800D89B04 = {
						CreatedOnToolsVersion = 13.2.1;
					};
					7361AB4827EA896800D89B04 = {
						CreatedOnToolsVersion = 13.2.1;
					};
					7361AB4F27EA896800D89B04 = {
						CreatedOnToolsVersion = 13.2.1;
						TestTargetID = 7361AB4227EA896800D89B04;
					};
					7361AB5B27EA896800D89B04 = {
						CreatedOnToolsVersion = 13.2.1;
						TestTargetID = 7361AB4827EA896800D89B04;
					};
				};
			};
			buildConfigurationList = 7361AB3A27EA896700D89B04 /* Build configuration list for PBXProject "TaskList" */;
			compatibilityVersion = "Xcode 13.0";
			developmentRegion = en;
			hasScannedForEncodings = 0;
			knownRegions = (
				en,
				Base,
			);
			mainGroup = 7361AB3627EA896700D89B04;
			productRefGroup = 7361AB4427EA896800D89B04 /* Products */;
			projectDirPath = "";
			projectRoot = "";
			targets = (
				7361AB4227EA896800D89B04 /* TaskList (iOS) */,
				7361AB4827EA896800D89B04 /* TaskList (macOS) */,
				7361AB4F27EA896800D89B04 /* Tests iOS */,
				7361AB5B27EA896800D89B04 /* Tests macOS */,
			);
		};
/* End PBXProject section */

/* Begin PBXResourcesBuildPhase section */
		7361AB4127EA896800D89B04 /* Resources */ = {
			isa = PBXResourcesBuildPhase;
			buildActionMask = 2147483647;
			files = (
				7361AB6827EA896800D89B04 /* Assets.xcassets in Resources */,
			);
			runOnlyForDeploymentPostprocessing = 0;
		};
		7361AB4727EA896800D89B04 /* Resources */ = {
			isa = PBXResourcesBuildPhase;
			buildActionMask = 2147483647;
			files = (
				7361AB6927EA896800D89B04 /* Assets.xcassets in Resources */,
			);
			runOnlyForDeploymentPostprocessing = 0;
		};
		7361AB4E27EA896800D89B04 /* Resources */ = {
			isa = PBXResourcesBuildPhase;
			buildActionMask = 2147483647;
			files = (
			);
			runOnlyForDeploymentPostprocessing = 0;
		};
		7361AB5A27EA896800D89B04 /* Resources */ = {
			isa = PBXResourcesBuildPhase;
			buildActionMask = 2147483647;
			files = (
			);
			runOnlyForDeploymentPostprocessing = 0;
		};
/* End PBXResourcesBuildPhase section */

/* Begin PBXSourcesBuildPhase section */
		7361AB3F27EA896800D89B04 /* Sources */ = {
			isa = PBXSourcesBuildPhase;
			buildActionMask = 2147483647;
			files = (
				7361AB6627EA896800D89B04 /* ContentView.swift in Sources */,
				7361AB7927EA96D000D89B04 /* data.swift in Sources */,
				7361AB6427EA896800D89B04 /* TaskListApp.swift in Sources */,
			);
			runOnlyForDeploymentPostprocessing = 0;
		};
		7361AB4527EA896800D89B04 /* Sources */ = {
			isa = PBXSourcesBuildPhase;
			buildActionMask = 2147483647;
			files = (
				7361AB6727EA896800D89B04 /* ContentView.swift in Sources */,
				7361AB7A27EA96D000D89B04 /* data.swift in Sources */,
				7361AB6527EA896800D89B04 /* TaskListApp.swift in Sources */,
			);
			runOnlyForDeploymentPostprocessing = 0;
		};
		7361AB4C27EA896800D89B04 /* Sources */ = {
			isa = PBXSourcesBuildPhase;
			buildActionMask = 2147483647;
			files = (
				7361AB5727EA896800D89B04 /* Tests_iOSLaunchTests.swift in Sources */,
				7361AB5527EA896800D89B04 /* Tests_iOS.swift in Sources */,
			);
			runOnlyForDeploymentPostprocessing = 0;
		};
		7361AB5827EA896800D89B04 /* Sources */ = {
			isa = PBXSourcesBuildPhase;
			buildActionMask = 2147483647;
			files = (
				7361AB6327EA896800D89B04 /* Tests_macOSLaunchTests.swift in Sources */,
				7361AB6127EA896800D89B04 /* Tests_macOS.swift in Sources */,
			);
			runOnlyForDeploymentPostprocessing = 0;
		};
/* End PBXSourcesBuildPhase section */

/* Begin PBXTargetDependency section */
		7361AB5227EA896800D89B04 /* PBXTargetDependency */ = {
			isa = PBXTargetDependency;
			target = 7361AB4227EA896800D89B04 /* TaskList (iOS) */;
			targetProxy = 7361AB5127EA896800D89B04 /* PBXContainerItemProxy */;
		};
		7361AB5E27EA896800D89B04 /* PBXTargetDependency */ = {
			isa = PBXTargetDependency;
			target = 7361AB4827EA896800D89B04 /* TaskList (macOS) */;
			targetProxy = 7361AB5D27EA896800D89B04 /* PBXContainerItemProxy */;
		};
/* End PBXTargetDependency section */

/* Begin XCBuildConfiguration section */
		7361AB6A27EA896800D89B04 /* Debug */ = {
			isa = XCBuildConfiguration;
			buildSettings = {
				ALWAYS_SEARCH_USER_PATHS = NO;
				CLANG_ANALYZER_NONNULL = YES;
				CLANG_ANALYZER_NUMBER_OBJECT_CONVERSION = YES_AGGRESSIVE;
				CLANG_CXX_LANGUAGE_STANDARD = "gnu++17";
				CLANG_CXX_LIBRARY = "libc++";
				CLANG_ENABLE_MODULES = YES;
				CLANG_ENABLE_OBJC_ARC = YES;
				CLANG_ENABLE_OBJC_WEAK = YES;
				CLANG_WARN_BLOCK_CAPTURE_AUTORELEASING = YES;
				CLANG_WARN_BOOL_CONVERSION = YES;
				CLANG_WARN_COMMA = YES;
				CLANG_WARN_CONSTANT_CONVERSION = YES;
				CLANG_WARN_DEPRECATED_OBJC_IMPLEMENTATIONS = YES;
				CLANG_WARN_DIRECT_OBJC_ISA_USAGE = YES_ERROR;
				CLANG_WARN_DOCUMENTATION_COMMENTS = YES;
				CLANG_WARN_EMPTY_BODY = YES;
				CLANG_WARN_ENUM_CONVERSION = YES;
				CLANG_WARN_INFINITE_RECURSION = YES;
				CLANG_WARN_INT_CONVERSION = YES;
				CLANG_WARN_NON_LITERAL_NULL_CONVERSION = YES;
				CLANG_WARN_OBJC_IMPLICIT_RETAIN_SELF = YES;
				CLANG_WARN_OBJC_LITERAL_CONVERSION = YES;
				CLANG_WARN_OBJC_ROOT_CLASS = YES_ERROR;
				CLANG_WARN_QUOTED_INCLUDE_IN_FRAMEWORK_HEADER = YES;
				CLANG_WARN_RANGE_LOOP_ANALYSIS = YES;
				CLANG_WARN_STRICT_PROTOTYPES = YES;
				CLANG_WARN_SUSPICIOUS_MOVE = YES;
				CLANG_WARN_UNGUARDED_AVAILABILITY = YES_AGGRESSIVE;
				CLANG_WARN_UNREACHABLE_CODE = YES;
				CLANG_WARN__DUPLICATE_METHOD_MATCH = YES;
				COPY_PHASE_STRIP = NO;
				DEBUG_INFORMATION_FORMAT = dwarf;
				ENABLE_STRICT_OBJC_MSGSEND = YES;
				ENABLE_TESTABILITY = YES;
				GCC_C_LANGUAGE_STANDARD = gnu11;
				GCC_DYNAMIC_NO_PIC = NO;
				GCC_NO_COMMON_BLOCKS = YES;
				GCC_OPTIMIZATION_LEVEL = 0;
				GCC_PREPROCESSOR_DEFINITIONS = (
					"DEBUG=1",
					"$(inherited)",
				);
				GCC_WARN_64_TO_32_BIT_CONVERSION = YES;
				GCC_WARN_ABOUT_RETURN_TYPE = YES_ERROR;
				GCC_WARN_UNDECLARED_SELECTOR = YES;
				GCC_WARN_UNINITIALIZED_AUTOS = YES_AGGRESSIVE;
				GCC_WARN_UNUSED_FUNCTION = YES;
				GCC_WARN_UNUSED_VARIABLE = YES;
				MTL_ENABLE_DEBUG_INFO = INCLUDE_SOURCE;
				MTL_FAST_MATH = YES;
				ONLY_ACTIVE_ARCH = YES;
				SWIFT_ACTIVE_COMPILATION_CONDITIONS = DEBUG;
				SWIFT_OPTIMIZATION_LEVEL = "-Onone";
			};
			name = Debug;
		};
		7361AB6B27EA896800D89B04 /* Release */ = {
			isa = XCBuildConfiguration;
			buildSettings = {
				ALWAYS_SEARCH_USER_PATHS = NO;
				CLANG_ANALYZER_NONNULL = YES;
				CLANG_ANALYZER_NUMBER_OBJECT_CONVERSION = YES_AGGRESSIVE;
				CLANG_CXX_LANGUAGE_STANDARD = "gnu++17";
				CLANG_CXX_LIBRARY = "libc++";
				CLANG_ENABLE_MODULES = YES;
				CLANG_ENABLE_OBJC_ARC = YES;
				CLANG_ENABLE_OBJC_WEAK = YES;
				CLANG_WARN_BLOCK_CAPTURE_AUTORELEASING = YES;
				CLANG_WARN_BOOL_CONVERSION = YES;
				CLANG_WARN_COMMA = YES;
				CLANG_WARN_CONSTANT_CONVERSION = YES;
				CLANG_WARN_DEPRECATED_OBJC_IMPLEMENTATIONS = YES;
				CLANG_WARN_DIRECT_OBJC_ISA_USAGE = YES_ERROR;
				CLANG_WARN_DOCUMENTATION_COMMENTS = YES;
				CLANG_WARN_EMPTY_BODY = YES;
				CLANG_WARN_ENUM_CONVERSION = YES;
				CLANG_WARN_INFINITE_RECURSION = YES;
				CLANG_WARN_INT_CONVERSION = YES;
				CLANG_WARN_NON_LITERAL_NULL_CONVERSION = YES;
				CLANG_WARN_OBJC_IMPLICIT_RETAIN_SELF = YES;
				CLANG_WARN_OBJC_LITERAL_CONVERSION = YES;
				CLANG_WARN_OBJC_ROOT_CLASS = YES_ERROR;
				CLANG_WARN_QUOTED_INCLUDE_IN_FRAMEWORK_HEADER = YES;
				CLANG_WARN_RANGE_LOOP_ANALYSIS = YES;
				CLANG_WARN_STRICT_PROTOTYPES = YES;
				CLANG_WARN_SUSPICIOUS_MOVE = YES;
				CLANG_WARN_UNGUARDED_AVAILABILITY = YES_AGGRESSIVE;
				CLANG_WARN_UNREACHABLE_CODE = YES;
				CLANG_WARN__DUPLICATE_METHOD_MATCH = YES;
				COPY_PHASE_STRIP = NO;
				DEBUG_INFORMATION_FORMAT = "dwarf-with-dsym";
				ENABLE_NS_ASSERTIONS = NO;
				ENABLE_STRICT_OBJC_MSGSEND = YES;
				GCC_C_LANGUAGE_STANDARD = gnu11;
				GCC_NO_COMMON_BLOCKS = YES;
				GCC_WARN_64_TO_32_BIT_CONVERSION = YES;
				GCC_WARN_ABOUT_RETURN_TYPE = YES_ERROR;
				GCC_WARN_UNDECLARED_SELECTOR = YES;
				GCC_WARN_UNINITIALIZED_AUTOS = YES_AGGRESSIVE;
				GCC_WARN_UNUSED_FUNCTION = YES;
				GCC_WARN_UNUSED_VARIABLE = YES;
				MTL_ENABLE_DEBUG_INFO = NO;
				MTL_FAST_MATH = YES;
				SWIFT_COMPILATION_MODE = wholemodule;
				SWIFT_OPTIMIZATION_LEVEL = "-O";
			};
			name = Release;
		};
		7361AB6D27EA896800D89B04 /* Debug */ = {
			isa = XCBuildConfiguration;
			buildSettings = {
				ASSETCATALOG_COMPILER_APPICON_NAME = AppIcon;
				ASSETCATALOG_COMPILER_GLOBAL_ACCENT_COLOR_NAME = AccentColor;
				CODE_SIGN_STYLE = Automatic;
				CURRENT_PROJECT_VERSION = 1;
				ENABLE_PREVIEWS = YES;
				GENERATE_INFOPLIST_FILE = YES;
				INFOPLIST_KEY_UIApplicationSceneManifest_Generation = YES;
				INFOPLIST_KEY_UIApplicationSupportsIndirectInputEvents = YES;
				INFOPLIST_KEY_UILaunchScreen_Generation = YES;
				INFOPLIST_KEY_UISupportedInterfaceOrientations_iPad = "UIInterfaceOrientationPortrait UIInterfaceOrientationPortraitUpsideDown UIInterfaceOrientationLandscapeLeft UIInterfaceOrientationLandscapeRight";
				INFOPLIST_KEY_UISupportedInterfaceOrientations_iPhone = "UIInterfaceOrientationPortrait UIInterfaceOrientationLandscapeLeft UIInterfaceOrientationLandscapeRight";
				IPHONEOS_DEPLOYMENT_TARGET = 15.2;
				LD_RUNPATH_SEARCH_PATHS = (
					"$(inherited)",
					"@executable_path/Frameworks",
				);
				MARKETING_VERSION = 1.0;
				PRODUCT_BUNDLE_IDENTIFIER = class.TaskList;
				PRODUCT_NAME = TaskList;
				SDKROOT = iphoneos;
				SWIFT_EMIT_LOC_STRINGS = YES;
				SWIFT_VERSION = 5.0;
				TARGETED_DEVICE_FAMILY = "1,2";
			};
			name = Debug;
		};
		7361AB6E27EA896800D89B04 /* Release */ = {
			isa = XCBuildConfiguration;
			buildSettings = {
				ASSETCATALOG_COMPILER_APPICON_NAME = AppIcon;
				ASSETCATALOG_COMPILER_GLOBAL_ACCENT_COLOR_NAME = AccentColor;
				CODE_SIGN_STYLE = Automatic;
				CURRENT_PROJECT_VERSION = 1;
				ENABLE_PREVIEWS = YES;
				GENERATE_INFOPLIST_FILE = YES;
				INFOPLIST_KEY_UIApplicationSceneManifest_Generation = YES;
				INFOPLIST_KEY_UIApplicationSupportsIndirectInputEvents = YES;
				INFOPLIST_KEY_UILaunchScreen_Generation = YES;
				INFOPLIST_KEY_UISupportedInterfaceOrientations_iPad = "UIInterfaceOrientationPortrait UIInterfaceOrientationPortraitUpsideDown UIInterfaceOrientationLandscapeLeft UIInterfaceOrientationLandscapeRight";
				INFOPLIST_KEY_UISupportedInterfaceOrientations_iPhone = "UIInterfaceOrientationPortrait UIInterfaceOrientationLandscapeLeft UIInterfaceOrientationLandscapeRight";
				IPHONEOS_DEPLOYMENT_TARGET = 15.2;
				LD_RUNPATH_SEARCH_PATHS = (
					"$(inherited)",
					"@executable_path/Frameworks",
				);
				MARKETING_VERSION = 1.0;
				PRODUCT_BUNDLE_IDENTIFIER = class.TaskList;
				PRODUCT_NAME = TaskList;
				SDKROOT = iphoneos;
				SWIFT_EMIT_LOC_STRINGS = YES;
				SWIFT_VERSION = 5.0;
				TARGETED_DEVICE_FAMILY = "1,2";
				VALIDATE_PRODUCT = YES;
			};
			name = Release;
		};
		7361AB7027EA896800D89B04 /* Debug */ = {
			isa = XCBuildConfiguration;
			buildSettings = {
				ASSETCATALOG_COMPILER_APPICON_NAME = AppIcon;
				ASSETCATALOG_COMPILER_GLOBAL_ACCENT_COLOR_NAME = AccentColor;
				CODE_SIGN_ENTITLEMENTS = macOS/macOS.entitlements;
				CODE_SIGN_STYLE = Automatic;
				COMBINE_HIDPI_IMAGES = YES;
				CURRENT_PROJECT_VERSION = 1;
				ENABLE_PREVIEWS = YES;
				GENERATE_INFOPLIST_FILE = YES;
				INFOPLIST_KEY_NSHumanReadableCopyright = "";
				LD_RUNPATH_SEARCH_PATHS = (
					"$(inherited)",
					"@executable_path/../Frameworks",
				);
				MACOSX_DEPLOYMENT_TARGET = 12.1;
				MARKETING_VERSION = 1.0;
				PRODUCT_BUNDLE_IDENTIFIER = class.TaskList;
				PRODUCT_NAME = TaskList;
				SDKROOT = macosx;
				SWIFT_EMIT_LOC_STRINGS = YES;
				SWIFT_VERSION = 5.0;
			};
			name = Debug;
		};
		7361AB7127EA896800D89B04 /* Release */ = {
			isa = XCBuildConfiguration;
			buildSettings = {
				ASSETCATALOG_COMPILER_APPICON_NAME = AppIcon;
				ASSETCATALOG_COMPILER_GLOBAL_ACCENT_COLOR_NAME = AccentColor;
				CODE_SIGN_ENTITLEMENTS = macOS/macOS.entitlements;
				CODE_SIGN_STYLE = Automatic;
				COMBINE_HIDPI_IMAGES = YES;
				CURRENT_PROJECT_VERSION = 1;
				ENABLE_PREVIEWS = YES;
				GENERATE_INFOPLIST_FILE = YES;
				INFOPLIST_KEY_NSHumanReadableCopyright = "";
				LD_RUNPATH_SEARCH_PATHS = (
					"$(inherited)",
					"@executable_path/../Frameworks",
				);
				MACOSX_DEPLOYMENT_TARGET = 12.1;
				MARKETING_VERSION = 1.0;
				PRODUCT_BUNDLE_IDENTIFIER = class.TaskList;
				PRODUCT_NAME = TaskList;
				SDKROOT = macosx;
				SWIFT_EMIT_LOC_STRINGS = YES;
				SWIFT_VERSION = 5.0;
			};
			name = Release;
		};
		7361AB7327EA896800D89B04 /* Debug */ = {
			isa = XCBuildConfiguration;
			buildSettings = {
				ALWAYS_EMBED_SWIFT_STANDARD_LIBRARIES = YES;
				CODE_SIGN_STYLE = Automatic;
				CURRENT_PROJECT_VERSION = 1;
				GENERATE_INFOPLIST_FILE = YES;
				IPHONEOS_DEPLOYMENT_TARGET = 15.2;
				MARKETING_VERSION = 1.0;
				PRODUCT_BUNDLE_IDENTIFIER = "class.Tests-iOS";
				PRODUCT_NAME = "$(TARGET_NAME)";
				SDKROOT = iphoneos;
				SWIFT_EMIT_LOC_STRINGS = NO;
				SWIFT_VERSION = 5.0;
				TARGETED_DEVICE_FAMILY = "1,2";
				TEST_TARGET_NAME = "TaskList (iOS)";
			};
			name = Debug;
		};
		7361AB7427EA896800D89B04 /* Release */ = {
			isa = XCBuildConfiguration;
			buildSettings = {
				ALWAYS_EMBED_SWIFT_STANDARD_LIBRARIES = YES;
				CODE_SIGN_STYLE = Automatic;
				CURRENT_PROJECT_VERSION = 1;
				GENERATE_INFOPLIST_FILE = YES;
				IPHONEOS_DEPLOYMENT_TARGET = 15.2;
				MARKETING_VERSION = 1.0;
				PRODUCT_BUNDLE_IDENTIFIER = "class.Tests-iOS";
				PRODUCT_NAME = "$(TARGET_NAME)";
				SDKROOT = iphoneos;
				SWIFT_EMIT_LOC_STRINGS = NO;
				SWIFT_VERSION = 5.0;
				TARGETED_DEVICE_FAMILY = "1,2";
				TEST_TARGET_NAME = "TaskList (iOS)";
				VALIDATE_PRODUCT = YES;
			};
			name = Release;
		};
		7361AB7627EA896800D89B04 /* Debug */ = {
			isa = XCBuildConfiguration;
			buildSettings = {
				ALWAYS_EMBED_SWIFT_STANDARD_LIBRARIES = YES;
				CODE_SIGN_STYLE = Automatic;
				CURRENT_PROJECT_VERSION = 1;
				GENERATE_INFOPLIST_FILE = YES;
				MACOSX_DEPLOYMENT_TARGET = 12.1;
				MARKETING_VERSION = 1.0;
				PRODUCT_BUNDLE_IDENTIFIER = "class.Tests-macOS";
				PRODUCT_NAME = "$(TARGET_NAME)";
				SDKROOT = macosx;
				SWIFT_EMIT_LOC_STRINGS = NO;
				SWIFT_VERSION = 5.0;
				TEST_TARGET_NAME = "TaskList (macOS)";
			};
			name = Debug;
		};
		7361AB7727EA896800D89B04 /* Release */ = {
			isa = XCBuildConfiguration;
			buildSettings = {
				ALWAYS_EMBED_SWIFT_STANDARD_LIBRARIES = YES;
				CODE_SIGN_STYLE = Automatic;
				CURRENT_PROJECT_VERSION = 1;
				GENERATE_INFOPLIST_FILE = YES;
				MACOSX_DEPLOYMENT_TARGET = 12.1;
				MARKETING_VERSION = 1.0;
				PRODUCT_BUNDLE_IDENTIFIER = "class.Tests-macOS";
				PRODUCT_NAME = "$(TARGET_NAME)";
				SDKROOT = macosx;
				SWIFT_EMIT_LOC_STRINGS = NO;
				SWIFT_VERSION = 5.0;
				TEST_TARGET_NAME = "TaskList (macOS)";
			};
			name = Release;
		};
/* End XCBuildConfiguration section */

/* Begin XCConfigurationList section */
		7361AB3A27EA896700D89B04 /* Build configuration list for PBXProject "TaskList" */ = {
			isa = XCConfigurationList;
			buildConfigurations = (
				7361AB6A27EA896800D89B04 /* Debug */,
				7361AB6B27EA896800D89B04 /* Release */,
			);
			defaultConfigurationIsVisible = 0;
			defaultConfigurationName = Release;
		};
		7361AB6C27EA896800D89B04 /* Build configuration list for PBXNativeTarget "TaskList (iOS)" */ = {
			isa = XCConfigurationList;
			buildConfigurations = (
				7361AB6D27EA896800D89B04 /* Debug */,
				7361AB6E27EA896800D89B04 /* Release */,
			);
			defaultConfigurationIsVisible = 0;
			defaultConfigurationName = Release;
		};
		7361AB6F27EA896800D89B04 /* Build configuration list for PBXNativeTarget "TaskList (macOS)" */ = {
			isa = XCConfigurationList;
			buildConfigurations = (
				7361AB7027EA896800D89B04 /* Debug */,
				7361AB7127EA896800D89B04 /* Release */,
			);
			defaultConfigurationIsVisible = 0;
			defaultConfigurationName = Release;
		};
		7361AB7227EA896800D89B04 /* Build configuration list for PBXNativeTarget "Tests iOS" */ = {
			isa = XCConfigurationList;
			buildConfigurations = (
				7361AB7327EA896800D89B04 /* Debug */,
				7361AB7427EA896800D89B04 /* Release */,
			);
			defaultConfigurationIsVisible = 0;
			defaultConfigurationName = Release;
		};
		7361AB7527EA896800D89B04 /* Build configuration list for PBXNativeTarget "Tests macOS" */ = {
			isa = XCConfigurationList;
			buildConfigurations = (
				7361AB7627EA896800D89B04 /* Debug */,
				7361AB7727EA896800D89B04 /* Release */,
			);
			defaultConfigurationIsVisible = 0;
			defaultConfigurationName = Release;
		};
/* End XCConfigurationList section */
	};
	rootObject = 7361AB3727EA896700D89B04 /* Project object */;
}
